
Microsoft Visual Studio Solution File, Format Version 12.00
# Visual Studio Version 17
VisualStudioVersion = 17.2.32526.322
MinimumVisualStudioVersion = 10.0.40219.1
Project("{8BC9CEB8-8B4A-11D0-8D11-00A0C91BC942}") = "GeekBrainsHomeWorkDifficultMoments5", "GeekBrainsHomeWorkDifficultMoments5.vcxproj", "{CAEB7302-0EF7-4DD4-9172-1FA7692DEDCB}"
EndProject
Global
	GlobalSection(SolutionConfigurationPlatforms) = preSolution
		Debug|x64 = Debug|x64
		Debug|x86 = Debug|x86
		Release|x64 = Release|x64
		Release|x86 = Release|x86
	EndGlobalSection
	GlobalSection(ProjectConfigurationPlatforms) = postSolution
		{CAEB7302-0EF7-4DD4-9172-1FA7692DEDCB}.Debug|x64.ActiveCfg = Debug|x64
		{CAEB7302-0EF7-4DD4-9172-1FA7692DEDCB}.Debug|x64.Build.0 = Debug|x64
		{CAEB7302-0EF7-4DD4-9172-1FA7692DEDCB}.Debug|x86.ActiveCfg = Debug|Win32
		{CAEB7302-0EF7-4DD4-9172-1FA7692DEDCB}.Debug|x86.Build.0 = Debug|Win32
		{CAEB7302-0EF7-4DD4-9172-1FA7692DEDCB}.Release|x64.ActiveCfg = Release|x64
		{CAEB7302-0EF7-4DD4-9172-1FA7692DEDCB}.Release|x64.Build.0 = Release|x64
		{CAEB7302-0EF7-4DD4-9172-1FA7692DEDCB}.Release|x86.ActiveCfg = Release|Win32
		{CAEB7302-0EF7-4DD4-9172-1FA7692DEDCB}.Release|x86.Build.0 = Release|Win32
	EndGlobalSection
	GlobalSection(SolutionProperties) = preSolution
		HideSolutionNode = FALSE
	EndGlobalSection
	GlobalSection(ExtensibilityGlobals) = postSolution
		SolutionGuid = {22143C3D-FF7E-4A28-90F1-6895D51B2307}
	EndGlobalSection
EndGlobal
